
Microsoft Visual Studio Solution File, Format Version 12.00
# Visual Studio Version 16
VisualStudioVersion = 16.0.30907.101
MinimumVisualStudioVersion = 10.0.40219.1
Project("{FAE04EC0-301F-11D3-BF4B-00C04F79EFBC}") = "Project3", "Project3\Project3.csproj", "{CF74AB3B-CD1E-48CC-ABBA-14C506E24868}"
EndProject
Global
	GlobalSection(SolutionConfigurationPlatforms) = preSolution
		Debug|Any CPU = Debug|Any CPU
		Release|Any CPU = Release|Any CPU
	EndGlobalSection
	GlobalSection(ProjectConfigurationPlatforms) = postSolution
		{CF74AB3B-CD1E-48CC-ABBA-14C506E24868}.Debug|Any CPU.ActiveCfg = Debug|Any CPU
		{CF74AB3B-CD1E-48CC-ABBA-14C506E24868}.Debug|Any CPU.Build.0 = Debug|Any CPU
		{CF74AB3B-CD1E-48CC-ABBA-14C506E24868}.Release|Any CPU.ActiveCfg = Release|Any CPU
		{CF74AB3B-CD1E-48CC-ABBA-14C506E24868}.Release|Any CPU.Build.0 = Release|Any CPU
	EndGlobalSection
	GlobalSection(SolutionProperties) = preSolution
		HideSolutionNode = FALSE
	EndGlobalSection
	GlobalSection(ExtensibilityGlobals) = postSolution
		SolutionGuid = {47D20401-70B4-42E2-BC45-20479ED3A496}
	EndGlobalSection
EndGlobal
